
Microsoft Visual Studio Solution File, Format Version 12.00
# Visual Studio Version 16
VisualStudioVersion = 16.0.31624.102
MinimumVisualStudioVersion = 10.0.40219.1
Project("{8BC9CEB8-8B4A-11D0-8D11-00A0C91BC942}") = "SplayLibrary", "vs\SplayLibrary\SplayLibrary.vcxproj", "{4D4673CC-2749-42CC-8EEB-D6C04A35F837}"
EndProject
Project("{8BC9CEB8-8B4A-11D0-8D11-00A0C91BC942}") = "SplayLibraryExamples", "vs\SplayLibraryExamples\SplayLibraryExamples.vcxproj", "{3F87408D-97C9-4AF8-85A8-25BB11DC2947}"
EndProject
Global
	GlobalSection(SolutionConfigurationPlatforms) = preSolution
		Debug|x64 = Debug|x64
		Debug|x86 = Debug|x86
		Release|x64 = Release|x64
		Release|x86 = Release|x86
	EndGlobalSection
	GlobalSection(ProjectConfigurationPlatforms) = postSolution
		{4D4673CC-2749-42CC-8EEB-D6C04A35F837}.Debug|x64.ActiveCfg = Debug|x64
		{4D4673CC-2749-42CC-8EEB-D6C04A35F837}.Debug|x64.Build.0 = Debug|x64
		{4D4673CC-2749-42CC-8EEB-D6C04A35F837}.Debug|x86.ActiveCfg = Debug|Win32
		{4D4673CC-2749-42CC-8EEB-D6C04A35F837}.Debug|x86.Build.0 = Debug|Win32
		{4D4673CC-2749-42CC-8EEB-D6C04A35F837}.Release|x64.ActiveCfg = Release|x64
		{4D4673CC-2749-42CC-8EEB-D6C04A35F837}.Release|x64.Build.0 = Release|x64
		{4D4673CC-2749-42CC-8EEB-D6C04A35F837}.Release|x86.ActiveCfg = Release|Win32
		{4D4673CC-2749-42CC-8EEB-D6C04A35F837}.Release|x86.Build.0 = Release|Win32
		{3F87408D-97C9-4AF8-85A8-25BB11DC2947}.Debug|x64.ActiveCfg = Debug|x64
		{3F87408D-97C9-4AF8-85A8-25BB11DC2947}.Debug|x64.Build.0 = Debug|x64
		{3F87408D-97C9-4AF8-85A8-25BB11DC2947}.Debug|x86.ActiveCfg = Debug|Win32
		{3F87408D-97C9-4AF8-85A8-25BB11DC2947}.Debug|x86.Build.0 = Debug|Win32
		{3F87408D-97C9-4AF8-85A8-25BB11DC2947}.Release|x64.ActiveCfg = Release|x64
		{3F87408D-97C9-4AF8-85A8-25BB11DC2947}.Release|x64.Build.0 = Release|x64
		{3F87408D-97C9-4AF8-85A8-25BB11DC2947}.Release|x86.ActiveCfg = Release|Win32
		{3F87408D-97C9-4AF8-85A8-25BB11DC2947}.Release|x86.Build.0 = Release|Win32
	EndGlobalSection
	GlobalSection(SolutionProperties) = preSolution
		HideSolutionNode = FALSE
	EndGlobalSection
	GlobalSection(ExtensibilityGlobals) = postSolution
		SolutionGuid = {4C57F8C7-A9BB-4BBE-BEB0-4294BA024DCD}
	EndGlobalSection
EndGlobal
