<?xml version="1.0" encoding="utf-8"?>
<Project ToolsVersion="4.0" xmlns="http://schemas.microsoft.com/developer/msbuild/2003">
  <ItemGroup>
    <Filter Include="Source Files">
      <UniqueIdentifier>{4FC737F1-C7A5-4376-A066-2A32D752A2FF}</UniqueIdentifier>
      <Extensions>cpp;c;cc;cxx;c++;cppm;ixx;def;odl;idl;hpj;bat;asm;asmx</Extensions>
    </Filter>
    <Filter Include="Header Files">
      <UniqueIdentifier>{93995380-89BD-4b04-88EB-625FBE52EBFB}</UniqueIdentifier>
      <Extensions>h;hh;hpp;hxx;h++;hm;inl;inc;ipp;xsd</Extensions>
    </Filter>
    <Filter Include="Resource Files">
      <UniqueIdentifier>{67DA6AB6-F800-4c08-8B7A-83BB121AAD01}</UniqueIdentifier>
      <Extensions>rc;ico;cur;bmp;dlg;rc2;rct;bin;rgs;gif;jpg;jpeg;jpe;resx;tiff;tif;png;wav;mfcribbon-ms</Extensions>
    </Filter>
    <Filter Include="Header Files\Core">
      <UniqueIdentifier>{dfccefee-f103-408c-b3fa-f65d78409b07}</UniqueIdentifier>
    </Filter>
    <Filter Include="Source Files\Core">
      <UniqueIdentifier>{e311c327-8c36-47cb-a80e-989e60edc0b1}</UniqueIdentifier>
    </Filter>
    <Filter Include="Header Files\Private">
      <UniqueIdentifier>{eb7e9762-bb9b-4ac8-973b-bc480877c6f8}</UniqueIdentifier>
    </Filter>
    <Filter Include="Header Files\Core\templates">
      <UniqueIdentifier>{a6c92beb-60a4-47bf-8354-d0c4dec54141}</UniqueIdentifier>
    </Filter>
    <Filter Include="Header Files\Core\Texture">
      <UniqueIdentifier>{c6374b51-8bca-44f9-870a-0ede8f31e84f}</UniqueIdentifier>
    </Filter>
    <Filter Include="Header Files\Core\Texture\templates">
      <UniqueIdentifier>{c7e29cd0-a987-4e3b-af6d-1ed8dfb622cf}</UniqueIdentifier>
    </Filter>
    <Filter Include="Source Files\Core\Texture">
      <UniqueIdentifier>{41564379-aa5e-49f9-a6c4-5b57d9c0d26c}</UniqueIdentifier>
    </Filter>
    <Filter Include="Header Files\Private\templates">
      <UniqueIdentifier>{1fd2aed5-2f72-43b6-96cc-a2f76a0a3d5b}</UniqueIdentifier>
    </Filter>
    <Filter Include="Header Files\Core\glad">
      <UniqueIdentifier>{b02a82ee-e8c1-4d1e-a2b6-239a7a3e570c}</UniqueIdentifier>
    </Filter>
    <Filter Include="Source Files\Core\glad">
      <UniqueIdentifier>{3df9efdf-d4de-4685-87e1-870d9cca81ee}</UniqueIdentifier>
    </Filter>
  </ItemGroup>
  <ItemGroup>
    <ClCompile Include="..\..\src\SplayLibrary\Core\Drawable.cpp">
      <Filter>Source Files\Core</Filter>
    </ClCompile>
    <ClCompile Include="..\..\src\SplayLibrary\Core\Buffer.cpp">
      <Filter>Source Files\Core</Filter>
    </ClCompile>
    <ClCompile Include="..\..\src\SplayLibrary\Core\RawTexture.cpp">
      <Filter>Source Files\Core</Filter>
    </ClCompile>
    <ClCompile Include="..\..\src\SplayLibrary\Core\Window.cpp">
      <Filter>Source Files\Core</Filter>
    </ClCompile>
    <ClCompile Include="..\..\src\SplayLibrary\Core\ContextManager.cpp">
      <Filter>Source Files\Core</Filter>
    </ClCompile>
    <ClCompile Include="..\..\src\SplayLibrary\Core\Framebuffer.cpp">
      <Filter>Source Files\Core</Filter>
    </ClCompile>
    <ClCompile Include="..\..\src\SplayLibrary\Core\DefaultFramebuffer.cpp">
      <Filter>Source Files\Core</Filter>
    </ClCompile>
    <ClCompile Include="..\..\src\SplayLibrary\Core\Texture\Texture2D.cpp">
      <Filter>Source Files\Core\Texture</Filter>
    </ClCompile>
    <ClCompile Include="..\..\src\SplayLibrary\Core\Texture\TextureBase.cpp">
      <Filter>Source Files\Core\Texture</Filter>
    </ClCompile>
    <ClCompile Include="..\..\src\SplayLibrary\Core\glad\glad.cpp">
      <Filter>Source Files\Core\glad</Filter>
    </ClCompile>
    <ClCompile Include="..\..\src\SplayLibrary\Core\ShaderModule.cpp">
      <Filter>Source Files\Core</Filter>
    </ClCompile>
    <ClCompile Include="..\..\src\SplayLibrary\Core\ShaderProgram.cpp">
      <Filter>Source Files\Core</Filter>
    </ClCompile>
    <ClCompile Include="..\..\src\SplayLibrary\Core\VertexArray.cpp">
      <Filter>Source Files\Core</Filter>
    </ClCompile>
  </ItemGroup>
  <ItemGroup>
    <ClInclude Include="..\..\include\SplayLibrary\Core\Drawable.hpp">
      <Filter>Header Files\Core</Filter>
    </ClInclude>
    <ClInclude Include="..\..\include\SplayLibrary\Core\Event.hpp">
      <Filter>Header Files\Core</Filter>
    </ClInclude>
    <ClInclude Include="..\..\include\SplayLibrary\SplayLibrary.hpp">
      <Filter>Header Files</Filter>
    </ClInclude>
    <ClInclude Include="..\..\include\SplayLibrary\Core\Core.hpp">
      <Filter>Header Files\Core</Filter>
    </ClInclude>
    <ClInclude Include="..\..\include\SplayLibrary\Core\Buffer.hpp">
      <Filter>Header Files\Core</Filter>
    </ClInclude>
    <ClInclude Include="..\..\include\SplayLibrary\Core\RawTexture.hpp">
      <Filter>Header Files\Core</Filter>
    </ClInclude>
    <ClInclude Include="..\..\include\SplayLibrary\Core\Window.hpp">
      <Filter>Header Files\Core</Filter>
    </ClInclude>
    <ClInclude Include="..\..\include\SplayLibrary\Core\ContextManager.hpp">
      <Filter>Header Files\Core</Filter>
    </ClInclude>
    <ClInclude Include="..\..\include\SplayLibrary\Core\Framebuffer.hpp">
      <Filter>Header Files\Core</Filter>
    </ClInclude>
    <ClInclude Include="..\..\include\SplayLibrary\Private\PrivateIncluded.hpp">
      <Filter>Header Files\Private</Filter>
    </ClInclude>
    <ClInclude Include="..\..\include\SplayLibrary\Core\DefaultFramebuffer.hpp">
      <Filter>Header Files\Core</Filter>
    </ClInclude>
    <ClInclude Include="..\..\include\SplayLibrary\Core\CoreTypes.hpp">
      <Filter>Header Files\Core</Filter>
    </ClInclude>
    <ClInclude Include="..\..\include\SplayLibrary\Core\templates\Framebuffer.hpp">
      <Filter>Header Files\Core\templates</Filter>
    </ClInclude>
    <ClInclude Include="..\..\include\SplayLibrary\Core\Texture\Texture2D.hpp">
      <Filter>Header Files\Core\Texture</Filter>
    </ClInclude>
    <ClInclude Include="..\..\include\SplayLibrary\Core\Texture\TextureBase.hpp">
      <Filter>Header Files\Core\Texture</Filter>
    </ClInclude>
    <ClInclude Include="..\..\include\SplayLibrary\Core\Texture\templates\Texture2D.hpp">
      <Filter>Header Files\Core\Texture\templates</Filter>
    </ClInclude>
    <ClInclude Include="..\..\include\SplayLibrary\Core\Texture\templates\TextureBase.hpp">
      <Filter>Header Files\Core\Texture\templates</Filter>
    </ClInclude>
    <ClInclude Include="..\..\include\SplayLibrary\Private\templates\PrivateNotIncluded.hpp">
      <Filter>Header Files\Private\templates</Filter>
    </ClInclude>
    <ClInclude Include="..\..\include\SplayLibrary\Core\templates\Buffer.hpp">
      <Filter>Header Files\Core\templates</Filter>
    </ClInclude>
    <ClInclude Include="..\..\include\SplayLibrary\Core\CoreDecl.hpp">
      <Filter>Header Files\Core</Filter>
    </ClInclude>
    <ClInclude Include="..\..\include\SplayLibrary\SplayLibraryDecl.hpp">
      <Filter>Header Files</Filter>
    </ClInclude>
    <ClInclude Include="..\..\include\SplayLibrary\SplayLibraryTypes.hpp">
      <Filter>Header Files</Filter>
    </ClInclude>
    <ClInclude Include="..\..\include\SplayLibrary\Private\PrivateNotIncluded.hpp">
      <Filter>Header Files\Private</Filter>
    </ClInclude>
    <ClInclude Include="..\..\include\SplayLibrary\Private\templates\PrivateIncluded.hpp">
      <Filter>Header Files\Private\templates</Filter>
    </ClInclude>
    <ClInclude Include="..\..\include\SplayLibrary\Core\glad\glad.hpp">
      <Filter>Header Files\Core\glad</Filter>
    </ClInclude>
    <ClInclude Include="..\..\include\SplayLibrary\Core\ShaderModule.hpp">
      <Filter>Header Files\Core</Filter>
    </ClInclude>
    <ClInclude Include="..\..\include\SplayLibrary\Core\ShaderProgram.hpp">
      <Filter>Header Files\Core</Filter>
    </ClInclude>
    <ClInclude Include="..\..\include\SplayLibrary\Core\templates\ShaderProgram.hpp">
      <Filter>Header Files\Core\templates</Filter>
    </ClInclude>
    <ClInclude Include="..\..\include\SplayLibrary\Core\VertexArray.hpp">
      <Filter>Header Files\Core</Filter>
    </ClInclude>
  </ItemGroup>
</Project>